
Microsoft Visual Studio Solution File, Format Version 12.00
# Visual Studio Version 16
VisualStudioVersion = 16.0.30804.86
MinimumVisualStudioVersion = 10.0.40219.1
Project("{8BC9CEB8-8B4A-11D0-8D11-00A0C91BC942}") = "cg-lab1", "cg-lab1.vcxproj", "{1259D239-EC5A-49E0-B2BA-39BA0C4C0F5F}"
EndProject
Global
	GlobalSection(SolutionConfigurationPlatforms) = preSolution
		Debug|x64 = Debug|x64
		Release|x64 = Release|x64
	EndGlobalSection
	GlobalSection(ProjectConfigurationPlatforms) = postSolution
		{1259D239-EC5A-49E0-B2BA-39BA0C4C0F5F}.Debug|x64.ActiveCfg = Debug|x64
		{1259D239-EC5A-49E0-B2BA-39BA0C4C0F5F}.Debug|x64.Build.0 = Debug|x64
		{1259D239-EC5A-49E0-B2BA-39BA0C4C0F5F}.Release|x64.ActiveCfg = Release|x64
		{1259D239-EC5A-49E0-B2BA-39BA0C4C0F5F}.Release|x64.Build.0 = Release|x64
	EndGlobalSection
	GlobalSection(SolutionProperties) = preSolution
		HideSolutionNode = FALSE
	EndGlobalSection
	GlobalSection(ExtensibilityGlobals) = postSolution
		SolutionGuid = {53A4B702-2851-4707-995D-94CDC0280BF3}
	EndGlobalSection
EndGlobal
